
Microsoft Visual Studio Solution File, Format Version 12.00
# Visual Studio Version 16
VisualStudioVersion = 16.0.31005.135
MinimumVisualStudioVersion = 10.0.40219.1
Project("{FAE04EC0-301F-11D3-BF4B-00C04F79EFBC}") = "CbFractals", "CbFractals\CbFractals.csproj", "{2E29B144-629B-43FF-A692-6F816EB3EEE6}"
EndProject
Global
	GlobalSection(SolutionConfigurationPlatforms) = preSolution
		Debug|Any CPU = Debug|Any CPU
		Release|Any CPU = Release|Any CPU
	EndGlobalSection
	GlobalSection(ProjectConfigurationPlatforms) = postSolution
		{2E29B144-629B-43FF-A692-6F816EB3EEE6}.Debug|Any CPU.ActiveCfg = Debug|Any CPU
		{2E29B144-629B-43FF-A692-6F816EB3EEE6}.Debug|Any CPU.Build.0 = Debug|Any CPU
		{2E29B144-629B-43FF-A692-6F816EB3EEE6}.Release|Any CPU.ActiveCfg = Release|Any CPU
		{2E29B144-629B-43FF-A692-6F816EB3EEE6}.Release|Any CPU.Build.0 = Release|Any CPU
	EndGlobalSection
	GlobalSection(SolutionProperties) = preSolution
		HideSolutionNode = FALSE
	EndGlobalSection
	GlobalSection(ExtensibilityGlobals) = postSolution
		SolutionGuid = {4E771153-ED13-4BBA-A2F6-830BAC717446}
	EndGlobalSection
EndGlobal
